
Microsoft Visual Studio Solution File, Format Version 12.00
# Visual Studio Version 16
VisualStudioVersion = 16.0.31410.357
MinimumVisualStudioVersion = 10.0.40219.1
Project("{FAE04EC0-301F-11D3-BF4B-00C04F79EFBC}") = "Ray0713", "Ray0713.csproj", "{1E094BC9-EFF3-4717-AA40-5C5A3C828307}"
EndProject
Global
	GlobalSection(SolutionConfigurationPlatforms) = preSolution
		Debug|Any CPU = Debug|Any CPU
		Release|Any CPU = Release|Any CPU
	EndGlobalSection
	GlobalSection(ProjectConfigurationPlatforms) = postSolution
		{1E094BC9-EFF3-4717-AA40-5C5A3C828307}.Debug|Any CPU.ActiveCfg = Debug|Any CPU
		{1E094BC9-EFF3-4717-AA40-5C5A3C828307}.Debug|Any CPU.Build.0 = Debug|Any CPU
		{1E094BC9-EFF3-4717-AA40-5C5A3C828307}.Release|Any CPU.ActiveCfg = Release|Any CPU
		{1E094BC9-EFF3-4717-AA40-5C5A3C828307}.Release|Any CPU.Build.0 = Release|Any CPU
	EndGlobalSection
	GlobalSection(SolutionProperties) = preSolution
		HideSolutionNode = FALSE
	EndGlobalSection
	GlobalSection(ExtensibilityGlobals) = postSolution
		SolutionGuid = {14A9CFEE-45C7-42A6-A74A-700577F5334B}
	EndGlobalSection
EndGlobal
